<?xml version="1.0" encoding="UTF-8" standalone="yes" ?>
<CodeBlocks_project_file>
	<FileVersion major="1" minor="6" />
	<Project>
		<Option title="b3view" />
		<Option pch_mode="2" />
		<Option compiler="gcc" />
		<Build>
			<Target title="Debug">
				<Option output="bin/Debug/b3view" prefix_auto="1" extension_auto="1" />
				<Option working_dir="$(#irrlicht)/bin/" />
				<Option object_output="obj/Debug/" />
				<Option type="1" />
				<Option compiler="gcc" />
				<Compiler>
					<Add option="-g" />
					<Add directory="$(freetype)" />
				</Compiler>
				<Linker>
					<Add library="freetype" />
					<Add library="stdc++fs" />
				</Linker>
			</Target>
			<Target title="Release">
				<Option output="bin/Release/b3view" prefix_auto="1" extension_auto="1" />
				<Option working_dir="$(#irrlicht)/bin/" />
				<Option object_output="obj/Release/" />
				<Option type="0" />
				<Option compiler="gcc" />
				<Compiler>
					<Add option="-O2" />
				</Compiler>
				<Linker>
					<Add option="-s" />
				</Linker>
			</Target>
		</Build>
		<Compiler>
			<Add option="-Wall" />
			<Add directory="$(#irrlicht.include)" />
		</Compiler>
		<Linker>
			<Add library="Irrlicht" />
			<Add library="GL" />
			<Add library="GLU" />
			<Add library="Xxf86vm" />
			<Add directory="$(#irrlicht.lib)/" />
		</Linker>
		<Unit filename="Debug.cpp" />
		<Unit filename="Debug.h" />
		<Unit filename="Engine.cpp" />
		<Unit filename="Engine.h" />
		<Unit filename="EventHandler.cpp" />
		<Unit filename="EventHandler.h" />
		<Unit filename="UserInterface.cpp" />
		<Unit filename="UserInterface.h" />
		<Unit filename="Utility.cpp" />
		<Unit filename="Utility.h" />
		<Unit filename="View.cpp" />
		<Unit filename="View.h" />
		<Unit filename="extlib/CGUITTFont.cpp" />
		<Unit filename="extlib/CGUITTFont.h" />
		<Unit filename="main.cpp" />
		<Unit filename="settings.cpp" />
		<Unit filename="settings.h" />
		<Extensions>
			<code_completion />
			<envvars />
			<debugger />
			<lib_finder disable_auto="1">
				<lib name="freetype2" />
			</lib_finder>
		</Extensions>
	</Project>
</CodeBlocks_project_file>
